
Microsoft Visual Studio Solution File, Format Version 12.00
# Visual Studio Version 17
VisualStudioVersion = 17.0.31903.59
MinimumVisualStudioVersion = 10.0.40219.1
Project("{FAE04EC0-301F-11D3-BF4B-00C04F79EFBC}") = "Domain", "Domain\Domain.csproj", "{DC465AEC-8B9E-48CE-B0B1-95D9F79095A8}"
EndProject
Project("{FAE04EC0-301F-11D3-BF4B-00C04F79EFBC}") = "Infrastructure", "Infrastructure\Infrastructure.csproj", "{CF112647-27D3-4820-AC73-F69895F22E68}"
EndProject
Project("{FAE04EC0-301F-11D3-BF4B-00C04F79EFBC}") = "WebApi", "WebApi\WebApi.csproj", "{BAFAAA51-E21B-48CD-B789-19797FD9EC3B}"
EndProject
Global
	GlobalSection(SolutionConfigurationPlatforms) = preSolution
		Debug|Any CPU = Debug|Any CPU
		Release|Any CPU = Release|Any CPU
	EndGlobalSection
	GlobalSection(SolutionProperties) = preSolution
		HideSolutionNode = FALSE
	EndGlobalSection
	GlobalSection(ProjectConfigurationPlatforms) = postSolution
		{DC465AEC-8B9E-48CE-B0B1-95D9F79095A8}.Debug|Any CPU.ActiveCfg = Debug|Any CPU
		{DC465AEC-8B9E-48CE-B0B1-95D9F79095A8}.Debug|Any CPU.Build.0 = Debug|Any CPU
		{DC465AEC-8B9E-48CE-B0B1-95D9F79095A8}.Release|Any CPU.ActiveCfg = Release|Any CPU
		{DC465AEC-8B9E-48CE-B0B1-95D9F79095A8}.Release|Any CPU.Build.0 = Release|Any CPU
		{CF112647-27D3-4820-AC73-F69895F22E68}.Debug|Any CPU.ActiveCfg = Debug|Any CPU
		{CF112647-27D3-4820-AC73-F69895F22E68}.Debug|Any CPU.Build.0 = Debug|Any CPU
		{CF112647-27D3-4820-AC73-F69895F22E68}.Release|Any CPU.ActiveCfg = Release|Any CPU
		{CF112647-27D3-4820-AC73-F69895F22E68}.Release|Any CPU.Build.0 = Release|Any CPU
		{BAFAAA51-E21B-48CD-B789-19797FD9EC3B}.Debug|Any CPU.ActiveCfg = Debug|Any CPU
		{BAFAAA51-E21B-48CD-B789-19797FD9EC3B}.Debug|Any CPU.Build.0 = Debug|Any CPU
		{BAFAAA51-E21B-48CD-B789-19797FD9EC3B}.Release|Any CPU.ActiveCfg = Release|Any CPU
		{BAFAAA51-E21B-48CD-B789-19797FD9EC3B}.Release|Any CPU.Build.0 = Release|Any CPU
	EndGlobalSection
EndGlobal
